<?xml version="1.0" encoding="utf-8"?>
<Project ToolsVersion="4.0" xmlns="http://schemas.microsoft.com/developer/msbuild/2003">
  <ItemGroup>
    <Filter Include="Resource Files">
      <UniqueIdentifier>{67DA6AB6-F800-4c08-8B7A-83BB121AAD01}</UniqueIdentifier>
      <Extensions>rc;ico;cur;bmp;dlg;rc2;rct;bin;rgs;gif;jpg;jpeg;jpe;resx;tiff;tif;png;wav;mfcribbon-ms</Extensions>
    </Filter>
    <Filter Include="Scenes">
      <UniqueIdentifier>{6773905a-923a-490c-9b18-1cd0671d0b9f}</UniqueIdentifier>
    </Filter>
    <Filter Include="Components">
      <UniqueIdentifier>{82c61444-fb5e-4ca1-a121-f7620c317d61}</UniqueIdentifier>
    </Filter>
    <Filter Include="Commands">
      <UniqueIdentifier>{ed2c17a7-2271-4062-ad5a-a1fd61468e9b}</UniqueIdentifier>
    </Filter>
    <Filter Include="Misc">
      <UniqueIdentifier>{265ef5ee-201e-47ee-82dc-efe0f47b216a}</UniqueIdentifier>
    </Filter>
    <Filter Include="Prefabs">
      <UniqueIdentifier>{df48532e-d93e-4a0f-9471-9b4bdb445261}</UniqueIdentifier>
    </Filter>
    <Filter Include="Events">
      <UniqueIdentifier>{f35c6a3d-a794-4b8f-9dad-424eb59baa95}</UniqueIdentifier>
    </Filter>
  </ItemGroup>
  <ItemGroup>
    <ClCompile Include="main.cpp" />
    <ClCompile Include="TestScene.cpp">
      <Filter>Scenes</Filter>
    </ClCompile>
    <ClCompile Include="FileScene.cpp">
      <Filter>Scenes</Filter>
    </ClCompile>
    <ClCompile Include="Editor.cpp">
      <Filter>Misc</Filter>
    </ClCompile>
    <ClCompile Include="StandaloneWindow.cpp">
      <Filter>Misc</Filter>
    </ClCompile>
    <ClCompile Include="WindowComponent.cpp">
      <Filter>Misc</Filter>
    </ClCompile>
    <ClCompile Include="HierarchyWindow.cpp">
      <Filter>Misc</Filter>
    </ClCompile>
    <ClCompile Include="SceneWindow.cpp">
      <Filter>Misc</Filter>
    </ClCompile>
  </ItemGroup>
  <ItemGroup>
    <ClInclude Include="ColliderLayers.h">
      <Filter>Resource Files</Filter>
    </ClInclude>
    <ClInclude Include="TestScene.h">
      <Filter>Scenes</Filter>
    </ClInclude>
    <ClInclude Include="FileScene.h">
      <Filter>Scenes</Filter>
    </ClInclude>
    <ClInclude Include="Editor.h">
      <Filter>Misc</Filter>
    </ClInclude>
    <ClInclude Include="StandaloneWindow.h">
      <Filter>Misc</Filter>
    </ClInclude>
    <ClInclude Include="WindowComponent.h">
      <Filter>Misc</Filter>
    </ClInclude>
    <ClInclude Include="HierarchyWindow.h">
      <Filter>Misc</Filter>
    </ClInclude>
    <ClInclude Include="SceneWindow.h">
      <Filter>Misc</Filter>
    </ClInclude>
  </ItemGroup>
</Project>