<?xml version="1.0" encoding="utf-8"?>
<Project ToolsVersion="4.0" xmlns="http://schemas.microsoft.com/developer/msbuild/2003">
  <ItemGroup>
    <Filter Include="Resource Files">
      <UniqueIdentifier>{67DA6AB6-F800-4c08-8B7A-83BB121AAD01}</UniqueIdentifier>
      <Extensions>rc;ico;cur;bmp;dlg;rc2;rct;bin;rgs;gif;jpg;jpeg;jpe;resx;tiff;tif;png;wav;mfcribbon-ms</Extensions>
    </Filter>
    <Filter Include="Scenes">
      <UniqueIdentifier>{6773905a-923a-490c-9b18-1cd0671d0b9f}</UniqueIdentifier>
    </Filter>
    <Filter Include="Components">
      <UniqueIdentifier>{82c61444-fb5e-4ca1-a121-f7620c317d61}</UniqueIdentifier>
    </Filter>
    <Filter Include="Commands">
      <UniqueIdentifier>{ed2c17a7-2271-4062-ad5a-a1fd61468e9b}</UniqueIdentifier>
    </Filter>
    <Filter Include="Commands\Input">
      <UniqueIdentifier>{5a7d3d2a-d615-4906-97c7-19b1c7654a00}</UniqueIdentifier>
    </Filter>
    <Filter Include="Misc">
      <UniqueIdentifier>{265ef5ee-201e-47ee-82dc-efe0f47b216a}</UniqueIdentifier>
    </Filter>
    <Filter Include="Components\Game">
      <UniqueIdentifier>{f973401b-b595-4e35-9d85-d66d766b8056}</UniqueIdentifier>
    </Filter>
    <Filter Include="Components\Game\Grid">
      <UniqueIdentifier>{eb803d69-1c6d-4161-af24-c5d6ef491baf}</UniqueIdentifier>
    </Filter>
    <Filter Include="Components\Game\HUD">
      <UniqueIdentifier>{8f56c9a1-2d41-43e8-b076-f2854bda25d1}</UniqueIdentifier>
    </Filter>
    <Filter Include="Components\Game\Entities">
      <UniqueIdentifier>{9d2d88f8-2d8c-46e2-b500-cb23269b2561}</UniqueIdentifier>
    </Filter>
    <Filter Include="Components\Game\Entities\Player">
      <UniqueIdentifier>{c8bb2ee9-e3ba-41ac-95b6-4e113b20c97a}</UniqueIdentifier>
    </Filter>
    <Filter Include="Components\Game\Entities\Enemy">
      <UniqueIdentifier>{d524665d-8576-4ccb-a777-e7923ddc025d}</UniqueIdentifier>
    </Filter>
    <Filter Include="Components\Game\World">
      <UniqueIdentifier>{003a933a-27d7-4ba6-8fc1-ec2c53b45991}</UniqueIdentifier>
    </Filter>
    <Filter Include="Components\Game\Entities\Rock">
      <UniqueIdentifier>{d44dc38e-0080-456a-869c-b79e8663860e}</UniqueIdentifier>
    </Filter>
    <Filter Include="Components\MainMenu">
      <UniqueIdentifier>{e3f9d169-fb68-4b41-a7c6-22b8bd8caaee}</UniqueIdentifier>
    </Filter>
    <Filter Include="States">
      <UniqueIdentifier>{f342d3b9-34ab-4158-8d4e-c14440151fdf}</UniqueIdentifier>
    </Filter>
    <Filter Include="Components\Game\Entities\Pooka">
      <UniqueIdentifier>{889d3ea2-775f-4cd6-b329-5a5fafc37891}</UniqueIdentifier>
    </Filter>
    <Filter Include="Components\Game\Entities\Fygar">
      <UniqueIdentifier>{19510b7c-ed5c-4eeb-92d3-9a084e8f56f9}</UniqueIdentifier>
    </Filter>
    <Filter Include="Components\Game\Entities\FloatingScore">
      <UniqueIdentifier>{2c6629b9-c886-4279-9d02-1ef2b661e5e9}</UniqueIdentifier>
    </Filter>
    <Filter Include="Prefabs">
      <UniqueIdentifier>{df48532e-d93e-4a0f-9471-9b4bdb445261}</UniqueIdentifier>
    </Filter>
    <Filter Include="States\DigDug">
      <UniqueIdentifier>{1c269a6f-3131-4c98-b12c-ad97c0461b9e}</UniqueIdentifier>
    </Filter>
    <Filter Include="States\Enemies">
      <UniqueIdentifier>{c9787521-2b53-4262-ab4e-571baaaddbd2}</UniqueIdentifier>
    </Filter>
    <Filter Include="States\Enemies\Fygar">
      <UniqueIdentifier>{1887f633-99d1-44e2-97b0-f35950e464a3}</UniqueIdentifier>
    </Filter>
    <Filter Include="States\Enemies\Pooka">
      <UniqueIdentifier>{702151bc-04b1-437e-9093-4e1abc348241}</UniqueIdentifier>
    </Filter>
    <Filter Include="Components\Game\Entities\DigDug">
      <UniqueIdentifier>{4eb0c2db-2a44-488d-bd96-74123792b7ca}</UniqueIdentifier>
    </Filter>
    <Filter Include="States\Enemies\Rock">
      <UniqueIdentifier>{fc1b5e32-4a68-4023-a74a-515718ba651d}</UniqueIdentifier>
    </Filter>
    <Filter Include="Components\HighScore">
      <UniqueIdentifier>{f8d47fe5-c9ae-44e9-83dd-215fbeb9150a}</UniqueIdentifier>
    </Filter>
    <Filter Include="Misc\FygarLogic">
      <UniqueIdentifier>{b9af7075-61e3-420e-9cdf-a222c2657a86}</UniqueIdentifier>
    </Filter>
    <Filter Include="Components\HighScoreTable">
      <UniqueIdentifier>{d08ac966-0943-478a-a523-e6288b3f2cfe}</UniqueIdentifier>
    </Filter>
  </ItemGroup>
  <ItemGroup>
    <ClCompile Include="main.cpp" />
    <ClCompile Include="GridMoveCommand.cpp">
      <Filter>Commands\Input</Filter>
    </ClCompile>
    <ClCompile Include="EnemyMovement.cpp">
      <Filter>Components\Game\Entities\Enemy</Filter>
    </ClCompile>
    <ClCompile Include="GridCollider.cpp">
      <Filter>Components\Game\Grid</Filter>
    </ClCompile>
    <ClCompile Include="GridComponent.cpp">
      <Filter>Components\Game\Grid</Filter>
    </ClCompile>
    <ClCompile Include="GridTransform.cpp">
      <Filter>Components\Game\Grid</Filter>
    </ClCompile>
    <ClCompile Include="LivesHUDComponent.cpp">
      <Filter>Components\Game\HUD</Filter>
    </ClCompile>
    <ClCompile Include="Pump.cpp">
      <Filter>Components\Game\Entities\Player</Filter>
    </ClCompile>
    <ClCompile Include="ShootPumpCommand.cpp">
      <Filter>Commands\Input</Filter>
    </ClCompile>
    <ClCompile Include="ScoreHUDComponent.cpp">
      <Filter>Components\Game\HUD</Filter>
    </ClCompile>
    <ClCompile Include="HealthComponent.cpp">
      <Filter>Components\Game\Entities</Filter>
    </ClCompile>
    <ClCompile Include="EnemyBehaviour.cpp">
      <Filter>Components\Game\Entities\Enemy</Filter>
    </ClCompile>
    <ClCompile Include="WorldTile.cpp">
      <Filter>Components\Game\World</Filter>
    </ClCompile>
    <ClCompile Include="Rock.cpp">
      <Filter>Components\Game\Entities\Rock</Filter>
    </ClCompile>
    <ClCompile Include="GameScene.cpp">
      <Filter>Scenes</Filter>
    </ClCompile>
    <ClCompile Include="MainMenuScene.cpp">
      <Filter>Scenes</Filter>
    </ClCompile>
    <ClCompile Include="GameModeChooser.cpp">
      <Filter>Components\MainMenu</Filter>
    </ClCompile>
    <ClCompile Include="MainMenuFadeIn.cpp">
      <Filter>Components\MainMenu</Filter>
    </ClCompile>
    <ClCompile Include="PookaRoamingState.cpp">
      <Filter>States\Enemies\Pooka</Filter>
    </ClCompile>
    <ClCompile Include="PookaGhostState.cpp">
      <Filter>States\Enemies\Pooka</Filter>
    </ClCompile>
    <ClCompile Include="Pooka.cpp">
      <Filter>Components\Game\Entities\Pooka</Filter>
    </ClCompile>
    <ClCompile Include="ScoreComponent.cpp">
      <Filter>Components\Game\Entities\Player</Filter>
    </ClCompile>
    <ClCompile Include="LevelLoader.cpp">
      <Filter>Components\Game\World</Filter>
    </ClCompile>
    <ClCompile Include="PookaPumpState.cpp">
      <Filter>States\Enemies\Pooka</Filter>
    </ClCompile>
    <ClCompile Include="FygarRoamingState.cpp">
      <Filter>States\Enemies\Fygar</Filter>
    </ClCompile>
    <ClCompile Include="FygarGhostState.cpp">
      <Filter>States\Enemies\Fygar</Filter>
    </ClCompile>
    <ClCompile Include="FygarPumpState.cpp">
      <Filter>States\Enemies\Fygar</Filter>
    </ClCompile>
    <ClCompile Include="FygarAttackState.cpp">
      <Filter>States\Enemies\Fygar</Filter>
    </ClCompile>
    <ClCompile Include="Fygar.cpp">
      <Filter>Components\Game\Entities\Fygar</Filter>
    </ClCompile>
    <ClCompile Include="FireBreath.cpp">
      <Filter>Components\Game\Entities\Fygar</Filter>
    </ClCompile>
    <ClCompile Include="FloatingScore.cpp">
      <Filter>Components\Game\Entities\FloatingScore</Filter>
    </ClCompile>
    <ClCompile Include="ScorePrefab.cpp">
      <Filter>Prefabs</Filter>
    </ClCompile>
    <ClCompile Include="DigDugDeathState.cpp">
      <Filter>States\DigDug</Filter>
    </ClCompile>
    <ClCompile Include="DigDugPumpState.cpp">
      <Filter>States\DigDug</Filter>
    </ClCompile>
    <ClCompile Include="DigDugWalkingState.cpp">
      <Filter>States\DigDug</Filter>
    </ClCompile>
    <ClCompile Include="DigDug.cpp">
      <Filter>Components\Game\Entities\DigDug</Filter>
    </ClCompile>
    <ClCompile Include="PumpToEnemyCommand.cpp">
      <Filter>Commands\Input</Filter>
    </ClCompile>
    <ClCompile Include="RockStaticState.cpp">
      <Filter>States\Enemies\Rock</Filter>
    </ClCompile>
    <ClCompile Include="RockWaitForPlayerState.cpp">
      <Filter>States\Enemies\Rock</Filter>
    </ClCompile>
    <ClCompile Include="RockBreakingFreeState.cpp">
      <Filter>States\Enemies\Rock</Filter>
    </ClCompile>
    <ClCompile Include="RockFallingState.cpp">
      <Filter>States\Enemies\Rock</Filter>
    </ClCompile>
    <ClCompile Include="RockDeathState.cpp">
      <Filter>States\Enemies\Rock</Filter>
    </ClCompile>
    <ClCompile Include="DigDugRockDeathState.cpp">
      <Filter>States\DigDug</Filter>
    </ClCompile>
    <ClCompile Include="FygarRockDeathState.cpp">
      <Filter>States\Enemies\Fygar</Filter>
    </ClCompile>
    <ClCompile Include="PookaRockDeathState.cpp">
      <Filter>States\Enemies\Pooka</Filter>
    </ClCompile>
    <ClCompile Include="GameData.cpp">
      <Filter>Misc</Filter>
    </ClCompile>
    <ClCompile Include="HighScoreHUDComponent.cpp">
      <Filter>Components\Game\HUD</Filter>
    </ClCompile>
    <ClCompile Include="HighScoreScene.cpp">
      <Filter>Scenes</Filter>
    </ClCompile>
    <ClCompile Include="HighScoreLetter.cpp">
      <Filter>Components\HighScore</Filter>
    </ClCompile>
    <ClCompile Include="HighScoreInput.cpp">
      <Filter>Components\HighScore</Filter>
    </ClCompile>
    <ClCompile Include="HighScoreButton.cpp">
      <Filter>Components\HighScore</Filter>
    </ClCompile>
    <ClCompile Include="PookaDeathState.cpp">
      <Filter>States\Enemies\Pooka</Filter>
    </ClCompile>
    <ClCompile Include="FygarDeathState.cpp">
      <Filter>States\Enemies\Fygar</Filter>
    </ClCompile>
    <ClCompile Include="GameState.cpp">
      <Filter>Components\Game\World</Filter>
    </ClCompile>
    <ClCompile Include="CoOpGameScene.cpp">
      <Filter>Scenes</Filter>
    </ClCompile>
    <ClCompile Include="DigDugNoLivesState.cpp">
      <Filter>States\DigDug</Filter>
    </ClCompile>
    <ClCompile Include="FygarRoamingAI.cpp">
      <Filter>Misc\FygarLogic</Filter>
    </ClCompile>
    <ClCompile Include="FygarRoamingPlayer.cpp">
      <Filter>Misc\FygarLogic</Filter>
    </ClCompile>
    <ClCompile Include="FygarGhostAI.cpp">
      <Filter>Misc\FygarLogic</Filter>
    </ClCompile>
    <ClCompile Include="FygarGhostPlayer.cpp">
      <Filter>Misc\FygarLogic</Filter>
    </ClCompile>
    <ClCompile Include="MoveCommand.cpp">
      <Filter>Commands\Input</Filter>
    </ClCompile>
    <ClCompile Include="VersusGameScene.cpp">
      <Filter>Scenes</Filter>
    </ClCompile>
    <ClCompile Include="DisableOnGroundHit.cpp">
      <Filter>Components\Game\Entities</Filter>
    </ClCompile>
    <ClCompile Include="DisablePumpCommand.cpp">
      <Filter>Commands\Input</Filter>
    </ClCompile>
    <ClCompile Include="HighScoreSaver.cpp">
      <Filter>Components\HighScore</Filter>
    </ClCompile>
    <ClCompile Include="HighScoreTableScene.cpp">
      <Filter>Scenes</Filter>
    </ClCompile>
    <ClCompile Include="BackToMainMenu.cpp">
      <Filter>Components\HighScoreTable</Filter>
    </ClCompile>
  </ItemGroup>
  <ItemGroup>
    <ClInclude Include="GameScene.h">
      <Filter>Scenes</Filter>
    </ClInclude>
    <ClInclude Include="GridMoveCommand.h">
      <Filter>Commands\Input</Filter>
    </ClInclude>
    <ClInclude Include="EnemyMovement.h">
      <Filter>Components\Game\Entities\Enemy</Filter>
    </ClInclude>
    <ClInclude Include="GridCollider.h">
      <Filter>Components\Game\Grid</Filter>
    </ClInclude>
    <ClInclude Include="GridComponent.h">
      <Filter>Components\Game\Grid</Filter>
    </ClInclude>
    <ClInclude Include="GridTransform.h">
      <Filter>Components\Game\Grid</Filter>
    </ClInclude>
    <ClInclude Include="LivesHUDComponent.h">
      <Filter>Components\Game\HUD</Filter>
    </ClInclude>
    <ClInclude Include="Pump.h">
      <Filter>Components\Game\Entities\Player</Filter>
    </ClInclude>
    <ClInclude Include="ShootPumpCommand.h">
      <Filter>Commands\Input</Filter>
    </ClInclude>
    <ClInclude Include="ScoreHUDComponent.h">
      <Filter>Components\Game\HUD</Filter>
    </ClInclude>
    <ClInclude Include="HealthComponent.h">
      <Filter>Components\Game\Entities</Filter>
    </ClInclude>
    <ClInclude Include="EnemyBehaviour.h">
      <Filter>Components\Game\Entities\Enemy</Filter>
    </ClInclude>
    <ClInclude Include="WorldTile.h">
      <Filter>Components\Game\World</Filter>
    </ClInclude>
    <ClInclude Include="Rock.h">
      <Filter>Components\Game\Entities\Rock</Filter>
    </ClInclude>
    <ClInclude Include="MainMenuScene.h">
      <Filter>Scenes</Filter>
    </ClInclude>
    <ClInclude Include="GameModeChooser.h">
      <Filter>Components\MainMenu</Filter>
    </ClInclude>
    <ClInclude Include="MainMenuFadeIn.h">
      <Filter>Components\MainMenu</Filter>
    </ClInclude>
    <ClInclude Include="PookaRoamingState.h">
      <Filter>States\Enemies\Pooka</Filter>
    </ClInclude>
    <ClInclude Include="PookaGhostState.h">
      <Filter>States\Enemies\Pooka</Filter>
    </ClInclude>
    <ClInclude Include="Pooka.h">
      <Filter>Components\Game\Entities\Pooka</Filter>
    </ClInclude>
    <ClInclude Include="ScoreComponent.h">
      <Filter>Components\Game\Entities\Player</Filter>
    </ClInclude>
    <ClInclude Include="LevelLoader.h">
      <Filter>Components\Game\World</Filter>
    </ClInclude>
    <ClInclude Include="PookaPumpState.h">
      <Filter>States\Enemies\Pooka</Filter>
    </ClInclude>
    <ClInclude Include="FygarRoamingState.h">
      <Filter>States\Enemies\Fygar</Filter>
    </ClInclude>
    <ClInclude Include="FygarGhostState.h">
      <Filter>States\Enemies\Fygar</Filter>
    </ClInclude>
    <ClInclude Include="FygarPumpState.h">
      <Filter>States\Enemies\Fygar</Filter>
    </ClInclude>
    <ClInclude Include="FygarAttackState.h">
      <Filter>States\Enemies\Fygar</Filter>
    </ClInclude>
    <ClInclude Include="Fygar.h">
      <Filter>Components\Game\Entities\Fygar</Filter>
    </ClInclude>
    <ClInclude Include="FireBreath.h">
      <Filter>Components\Game\Entities\Fygar</Filter>
    </ClInclude>
    <ClInclude Include="ColliderLayers.h">
      <Filter>Resource Files</Filter>
    </ClInclude>
    <ClInclude Include="FloatingScore.h">
      <Filter>Components\Game\Entities\FloatingScore</Filter>
    </ClInclude>
    <ClInclude Include="ScorePrefab.h">
      <Filter>Prefabs</Filter>
    </ClInclude>
    <ClInclude Include="DigDugDeathState.h">
      <Filter>States\DigDug</Filter>
    </ClInclude>
    <ClInclude Include="DigDugPumpState.h">
      <Filter>States\DigDug</Filter>
    </ClInclude>
    <ClInclude Include="DigDugWalkingState.h">
      <Filter>States\DigDug</Filter>
    </ClInclude>
    <ClInclude Include="EnemyState.h">
      <Filter>States\Enemies</Filter>
    </ClInclude>
    <ClInclude Include="DigDugState.h">
      <Filter>States\DigDug</Filter>
    </ClInclude>
    <ClInclude Include="DigDug.h">
      <Filter>Components\Game\Entities\DigDug</Filter>
    </ClInclude>
    <ClInclude Include="PumpToEnemyCommand.h">
      <Filter>Commands\Input</Filter>
    </ClInclude>
    <ClInclude Include="RockStaticState.h">
      <Filter>States\Enemies\Rock</Filter>
    </ClInclude>
    <ClInclude Include="RockWaitForPlayerState.h">
      <Filter>States\Enemies\Rock</Filter>
    </ClInclude>
    <ClInclude Include="RockBreakingFreeState.h">
      <Filter>States\Enemies\Rock</Filter>
    </ClInclude>
    <ClInclude Include="RockFallingState.h">
      <Filter>States\Enemies\Rock</Filter>
    </ClInclude>
    <ClInclude Include="RockDeathState.h">
      <Filter>States\Enemies\Rock</Filter>
    </ClInclude>
    <ClInclude Include="DigDugRockDeathState.h">
      <Filter>States\DigDug</Filter>
    </ClInclude>
    <ClInclude Include="FygarRockDeathState.h">
      <Filter>States\Enemies\Fygar</Filter>
    </ClInclude>
    <ClInclude Include="PookaRockDeathState.h">
      <Filter>States\Enemies\Pooka</Filter>
    </ClInclude>
    <ClInclude Include="GameData.h">
      <Filter>Misc</Filter>
    </ClInclude>
    <ClInclude Include="HighScoreHUDComponent.h">
      <Filter>Components\Game\HUD</Filter>
    </ClInclude>
    <ClInclude Include="HighScoreScene.h">
      <Filter>Scenes</Filter>
    </ClInclude>
    <ClInclude Include="HighScoreLetter.h">
      <Filter>Components\HighScore</Filter>
    </ClInclude>
    <ClInclude Include="HighScoreInput.h">
      <Filter>Components\HighScore</Filter>
    </ClInclude>
    <ClInclude Include="HighScoreButton.h">
      <Filter>Components\HighScore</Filter>
    </ClInclude>
    <ClInclude Include="PookaDeathState.h">
      <Filter>States\Enemies\Pooka</Filter>
    </ClInclude>
    <ClInclude Include="FygarDeathState.h">
      <Filter>States\Enemies\Fygar</Filter>
    </ClInclude>
    <ClInclude Include="GameState.h">
      <Filter>Components\Game\World</Filter>
    </ClInclude>
    <ClInclude Include="CoOpGameScene.h">
      <Filter>Scenes</Filter>
    </ClInclude>
    <ClInclude Include="DigDugNoLivesState.h">
      <Filter>States\DigDug</Filter>
    </ClInclude>
    <ClInclude Include="FygarRoamingAI.h">
      <Filter>Misc\FygarLogic</Filter>
    </ClInclude>
    <ClInclude Include="FygarRoamingPlayer.h">
      <Filter>Misc\FygarLogic</Filter>
    </ClInclude>
    <ClInclude Include="FygarLogic.h">
      <Filter>Misc\FygarLogic</Filter>
    </ClInclude>
    <ClInclude Include="FygarGhostAI.h">
      <Filter>Misc\FygarLogic</Filter>
    </ClInclude>
    <ClInclude Include="FygarGhostPlayer.h">
      <Filter>Misc\FygarLogic</Filter>
    </ClInclude>
    <ClInclude Include="MoveCommand.h">
      <Filter>Commands\Input</Filter>
    </ClInclude>
    <ClInclude Include="VersusGameScene.h">
      <Filter>Scenes</Filter>
    </ClInclude>
    <ClInclude Include="DisableOnGroundHit.h">
      <Filter>Components\Game\Entities</Filter>
    </ClInclude>
    <ClInclude Include="DisablePumpCommand.h">
      <Filter>Commands\Input</Filter>
    </ClInclude>
    <ClInclude Include="HighScoreSaver.h">
      <Filter>Components\HighScore</Filter>
    </ClInclude>
    <ClInclude Include="HighScoreTableScene.h">
      <Filter>Scenes</Filter>
    </ClInclude>
    <ClInclude Include="BackToMainMenu.h">
      <Filter>Components\HighScoreTable</Filter>
    </ClInclude>
  </ItemGroup>
</Project>