<?xml version="1.0" encoding="utf-8"?>
<Project ToolsVersion="4.0" xmlns="http://schemas.microsoft.com/developer/msbuild/2003">
  <ItemGroup>
    <Filter Include="Resource Files">
      <UniqueIdentifier>{67DA6AB6-F800-4c08-8B7A-83BB121AAD01}</UniqueIdentifier>
      <Extensions>rc;ico;cur;bmp;dlg;rc2;rct;bin;rgs;gif;jpg;jpeg;jpe;resx;tiff;tif;png;wav;mfcribbon-ms</Extensions>
    </Filter>
    <Filter Include="Scenes">
      <UniqueIdentifier>{6773905a-923a-490c-9b18-1cd0671d0b9f}</UniqueIdentifier>
    </Filter>
    <Filter Include="Components">
      <UniqueIdentifier>{82c61444-fb5e-4ca1-a121-f7620c317d61}</UniqueIdentifier>
    </Filter>
    <Filter Include="Commands">
      <UniqueIdentifier>{ed2c17a7-2271-4062-ad5a-a1fd61468e9b}</UniqueIdentifier>
    </Filter>
    <Filter Include="Commands\Input">
      <UniqueIdentifier>{5a7d3d2a-d615-4906-97c7-19b1c7654a00}</UniqueIdentifier>
    </Filter>
    <Filter Include="Misc">
      <UniqueIdentifier>{265ef5ee-201e-47ee-82dc-efe0f47b216a}</UniqueIdentifier>
    </Filter>
    <Filter Include="Components\Game">
      <UniqueIdentifier>{f973401b-b595-4e35-9d85-d66d766b8056}</UniqueIdentifier>
    </Filter>
    <Filter Include="Components\Game\Grid">
      <UniqueIdentifier>{eb803d69-1c6d-4161-af24-c5d6ef491baf}</UniqueIdentifier>
    </Filter>
    <Filter Include="Components\Game\HUD">
      <UniqueIdentifier>{8f56c9a1-2d41-43e8-b076-f2854bda25d1}</UniqueIdentifier>
    </Filter>
    <Filter Include="Components\Game\Entities">
      <UniqueIdentifier>{9d2d88f8-2d8c-46e2-b500-cb23269b2561}</UniqueIdentifier>
    </Filter>
    <Filter Include="Components\Game\Entities\Player">
      <UniqueIdentifier>{c8bb2ee9-e3ba-41ac-95b6-4e113b20c97a}</UniqueIdentifier>
    </Filter>
    <Filter Include="Components\Game\Entities\Enemy">
      <UniqueIdentifier>{d524665d-8576-4ccb-a777-e7923ddc025d}</UniqueIdentifier>
    </Filter>
    <Filter Include="Components\Game\World">
      <UniqueIdentifier>{003a933a-27d7-4ba6-8fc1-ec2c53b45991}</UniqueIdentifier>
    </Filter>
    <Filter Include="Components\MainMenu">
      <UniqueIdentifier>{e3f9d169-fb68-4b41-a7c6-22b8bd8caaee}</UniqueIdentifier>
    </Filter>
    <Filter Include="States">
      <UniqueIdentifier>{f342d3b9-34ab-4158-8d4e-c14440151fdf}</UniqueIdentifier>
    </Filter>
    <Filter Include="States\Pooka">
      <UniqueIdentifier>{702151bc-04b1-437e-9093-4e1abc348241}</UniqueIdentifier>
    </Filter>
    <Filter Include="Components\Game\Entities\Pooka">
      <UniqueIdentifier>{889d3ea2-775f-4cd6-b329-5a5fafc37891}</UniqueIdentifier>
    </Filter>
    <Filter Include="States\Fygar">
      <UniqueIdentifier>{1887f633-99d1-44e2-97b0-f35950e464a3}</UniqueIdentifier>
    </Filter>
    <Filter Include="Components\Game\Entities\Fygar">
      <UniqueIdentifier>{19510b7c-ed5c-4eeb-92d3-9a084e8f56f9}</UniqueIdentifier>
    </Filter>
    <Filter Include="Components\Game\Entities\FloatingScore">
      <UniqueIdentifier>{2c6629b9-c886-4279-9d02-1ef2b661e5e9}</UniqueIdentifier>
    </Filter>
    <Filter Include="Prefabs">
      <UniqueIdentifier>{df48532e-d93e-4a0f-9471-9b4bdb445261}</UniqueIdentifier>
    </Filter>
  </ItemGroup>
  <ItemGroup>
    <ClCompile Include="main.cpp" />
    <ClCompile Include="GridMoveCommand.cpp">
      <Filter>Commands\Input</Filter>
    </ClCompile>
    <ClCompile Include="EnemyMovement.cpp">
      <Filter>Components\Game\Entities\Enemy</Filter>
    </ClCompile>
    <ClCompile Include="GridCollider.cpp">
      <Filter>Components\Game\Grid</Filter>
    </ClCompile>
    <ClCompile Include="GridComponent.cpp">
      <Filter>Components\Game\Grid</Filter>
    </ClCompile>
    <ClCompile Include="GridTransform.cpp">
      <Filter>Components\Game\Grid</Filter>
    </ClCompile>
    <ClCompile Include="Player.cpp">
      <Filter>Components\Game\Entities\Player</Filter>
    </ClCompile>
    <ClCompile Include="LivesHUDComponent.cpp">
      <Filter>Components\Game\HUD</Filter>
    </ClCompile>
    <ClCompile Include="Pump.cpp">
      <Filter>Components\Game\Entities\Player</Filter>
    </ClCompile>
    <ClCompile Include="ShootPumpCommand.cpp">
      <Filter>Commands\Input</Filter>
    </ClCompile>
    <ClCompile Include="ScoreHUDComponent.cpp">
      <Filter>Components\Game\HUD</Filter>
    </ClCompile>
    <ClCompile Include="HealthComponent.cpp">
      <Filter>Components\Game\Entities</Filter>
    </ClCompile>
    <ClCompile Include="EnemyBehaviour.cpp">
      <Filter>Components\Game\Entities\Enemy</Filter>
    </ClCompile>
    <ClCompile Include="WorldTile.cpp">
      <Filter>Components\Game\World</Filter>
    </ClCompile>
    <ClCompile Include="GameScene.cpp">
      <Filter>Scenes</Filter>
    </ClCompile>
    <ClCompile Include="MainMenuScene.cpp">
      <Filter>Scenes</Filter>
    </ClCompile>
    <ClCompile Include="GameModeChooser.cpp">
      <Filter>Components\MainMenu</Filter>
    </ClCompile>
    <ClCompile Include="MainMenuFadeIn.cpp">
      <Filter>Components\MainMenu</Filter>
    </ClCompile>
    <ClCompile Include="PookaRoamingState.cpp">
      <Filter>States\Pooka</Filter>
    </ClCompile>
    <ClCompile Include="PookaGhostState.cpp">
      <Filter>States\Pooka</Filter>
    </ClCompile>
    <ClCompile Include="Pooka.cpp">
      <Filter>Components\Game\Entities\Pooka</Filter>
    </ClCompile>
    <ClCompile Include="ScoreComponent.cpp">
      <Filter>Components\Game\Entities\Player</Filter>
    </ClCompile>
    <ClCompile Include="LevelLoader.cpp">
      <Filter>Components\Game\World</Filter>
    </ClCompile>
    <ClCompile Include="PookaPumpState.cpp">
      <Filter>States\Pooka</Filter>
    </ClCompile>
    <ClCompile Include="FygarRoamingState.cpp">
      <Filter>States\Fygar</Filter>
    </ClCompile>
    <ClCompile Include="FygarGhostState.cpp">
      <Filter>States\Fygar</Filter>
    </ClCompile>
    <ClCompile Include="FygarPumpState.cpp">
      <Filter>States\Fygar</Filter>
    </ClCompile>
    <ClCompile Include="FygarAttackState.cpp">
      <Filter>States\Fygar</Filter>
    </ClCompile>
    <ClCompile Include="Fygar.cpp">
      <Filter>Components\Game\Entities\Fygar</Filter>
    </ClCompile>
    <ClCompile Include="FireBreath.cpp">
      <Filter>Components\Game\Entities\Fygar</Filter>
    </ClCompile>
    <ClCompile Include="FloatingScore.cpp">
      <Filter>Components\Game\Entities\FloatingScore</Filter>
    </ClCompile>
    <ClCompile Include="ScorePrefab.cpp">
      <Filter>Prefabs</Filter>
    </ClCompile>
  </ItemGroup>
  <ItemGroup>
    <ClInclude Include="GameScene.h">
      <Filter>Scenes</Filter>
    </ClInclude>
    <ClInclude Include="GridMoveCommand.h">
      <Filter>Commands\Input</Filter>
    </ClInclude>
    <ClInclude Include="EnemyMovement.h">
      <Filter>Components\Game\Entities\Enemy</Filter>
    </ClInclude>
    <ClInclude Include="GridCollider.h">
      <Filter>Components\Game\Grid</Filter>
    </ClInclude>
    <ClInclude Include="GridComponent.h">
      <Filter>Components\Game\Grid</Filter>
    </ClInclude>
    <ClInclude Include="GridTransform.h">
      <Filter>Components\Game\Grid</Filter>
    </ClInclude>
    <ClInclude Include="Player.h">
      <Filter>Components\Game\Entities\Player</Filter>
    </ClInclude>
    <ClInclude Include="LivesHUDComponent.h">
      <Filter>Components\Game\HUD</Filter>
    </ClInclude>
    <ClInclude Include="Pump.h">
      <Filter>Components\Game\Entities\Player</Filter>
    </ClInclude>
    <ClInclude Include="ShootPumpCommand.h">
      <Filter>Commands\Input</Filter>
    </ClInclude>
    <ClInclude Include="ScoreHUDComponent.h">
      <Filter>Components\Game\HUD</Filter>
    </ClInclude>
    <ClInclude Include="HealthComponent.h">
      <Filter>Components\Game\Entities</Filter>
    </ClInclude>
    <ClInclude Include="EnemyBehaviour.h">
      <Filter>Components\Game\Entities\Enemy</Filter>
    </ClInclude>
    <ClInclude Include="WorldTile.h">
      <Filter>Components\Game\World</Filter>
    </ClInclude>
    <ClInclude Include="Rock.h">
      <Filter>Components\Game\Entities\Rock</Filter>
    </ClInclude>
    <ClInclude Include="MainMenuScene.h">
      <Filter>Scenes</Filter>
    </ClInclude>
    <ClInclude Include="GameModeChooser.h">
      <Filter>Components\MainMenu</Filter>
    </ClInclude>
    <ClInclude Include="MainMenuFadeIn.h">
      <Filter>Components\MainMenu</Filter>
    </ClInclude>
    <ClInclude Include="PookaRoamingState.h">
      <Filter>States\Pooka</Filter>
    </ClInclude>
    <ClInclude Include="PookaGhostState.h">
      <Filter>States\Pooka</Filter>
    </ClInclude>
    <ClInclude Include="Pooka.h">
      <Filter>Components\Game\Entities\Pooka</Filter>
    </ClInclude>
    <ClInclude Include="ScoreComponent.h">
      <Filter>Components\Game\Entities\Player</Filter>
    </ClInclude>
    <ClInclude Include="LevelLoader.h">
      <Filter>Components\Game\World</Filter>
    </ClInclude>
    <ClInclude Include="PookaPumpState.h">
      <Filter>States\Pooka</Filter>
    </ClInclude>
    <ClInclude Include="FygarRoamingState.h">
      <Filter>States\Fygar</Filter>
    </ClInclude>
    <ClInclude Include="FygarGhostState.h">
      <Filter>States\Fygar</Filter>
    </ClInclude>
    <ClInclude Include="FygarPumpState.h">
      <Filter>States\Fygar</Filter>
    </ClInclude>
    <ClInclude Include="FygarAttackState.h">
      <Filter>States\Fygar</Filter>
    </ClInclude>
    <ClInclude Include="Fygar.h">
      <Filter>Components\Game\Entities\Fygar</Filter>
    </ClInclude>
    <ClInclude Include="FireBreath.h">
      <Filter>Components\Game\Entities\Fygar</Filter>
    </ClInclude>
    <ClInclude Include="ColliderLayers.h">
      <Filter>Resource Files</Filter>
    </ClInclude>
    <ClInclude Include="FloatingScore.h">
      <Filter>Components\Game\Entities\FloatingScore</Filter>
    </ClInclude>
    <ClInclude Include="ScorePrefab.h">
      <Filter>Prefabs</Filter>
    </ClInclude>
    <ClInclude Include="State.h">
      <Filter>States</Filter>
    </ClInclude>
  </ItemGroup>
</Project>