<?xml version="1.0" encoding="utf-8"?>
<Project ToolsVersion="4.0" xmlns="http://schemas.microsoft.com/developer/msbuild/2003">
  <ItemGroup>
    <Filter Include="Resource Files">
      <UniqueIdentifier>{67DA6AB6-F800-4c08-8B7A-83BB121AAD01}</UniqueIdentifier>
      <Extensions>rc;ico;cur;bmp;dlg;rc2;rct;bin;rgs;gif;jpg;jpeg;jpe;resx;tiff;tif;png;wav;mfcribbon-ms</Extensions>
    </Filter>
    <Filter Include="Scenes">
      <UniqueIdentifier>{6773905a-923a-490c-9b18-1cd0671d0b9f}</UniqueIdentifier>
    </Filter>
    <Filter Include="Components">
      <UniqueIdentifier>{82c61444-fb5e-4ca1-a121-f7620c317d61}</UniqueIdentifier>
    </Filter>
    <Filter Include="Commands">
      <UniqueIdentifier>{ed2c17a7-2271-4062-ad5a-a1fd61468e9b}</UniqueIdentifier>
    </Filter>
    <Filter Include="Commands\Input">
      <UniqueIdentifier>{5a7d3d2a-d615-4906-97c7-19b1c7654a00}</UniqueIdentifier>
    </Filter>
    <Filter Include="Misc">
      <UniqueIdentifier>{265ef5ee-201e-47ee-82dc-efe0f47b216a}</UniqueIdentifier>
    </Filter>
    <Filter Include="Components\Game">
      <UniqueIdentifier>{f973401b-b595-4e35-9d85-d66d766b8056}</UniqueIdentifier>
    </Filter>
    <Filter Include="Components\Game\Enemy">
      <UniqueIdentifier>{d524665d-8576-4ccb-a777-e7923ddc025d}</UniqueIdentifier>
    </Filter>
    <Filter Include="Components\Game\Grid">
      <UniqueIdentifier>{eb803d69-1c6d-4161-af24-c5d6ef491baf}</UniqueIdentifier>
    </Filter>
    <Filter Include="Components\Game\Player">
      <UniqueIdentifier>{c8bb2ee9-e3ba-41ac-95b6-4e113b20c97a}</UniqueIdentifier>
    </Filter>
    <Filter Include="Components\Game\HUD">
      <UniqueIdentifier>{8f56c9a1-2d41-43e8-b076-f2854bda25d1}</UniqueIdentifier>
    </Filter>
  </ItemGroup>
  <ItemGroup>
    <ClCompile Include="main.cpp" />
    <ClCompile Include="GridMoveCommand.cpp">
      <Filter>Commands\Input</Filter>
    </ClCompile>
    <ClCompile Include="Health.cpp">
      <Filter>Misc</Filter>
    </ClCompile>
    <ClCompile Include="EnemyMovement.cpp">
      <Filter>Components\Game\Enemy</Filter>
    </ClCompile>
    <ClCompile Include="GridCollider.cpp">
      <Filter>Components\Game\Grid</Filter>
    </ClCompile>
    <ClCompile Include="GridComponent.cpp">
      <Filter>Components\Game\Grid</Filter>
    </ClCompile>
    <ClCompile Include="GridTransform.cpp">
      <Filter>Components\Game\Grid</Filter>
    </ClCompile>
    <ClCompile Include="Player.cpp">
      <Filter>Components\Game\Player</Filter>
    </ClCompile>
    <ClCompile Include="LivesHUDComponent.cpp">
      <Filter>Components\Game\HUD</Filter>
    </ClCompile>
    <ClCompile Include="Pump.cpp">
      <Filter>Components\Game\Player</Filter>
    </ClCompile>
    <ClCompile Include="ShootPumpCommand.cpp">
      <Filter>Commands\Input</Filter>
    </ClCompile>
    <ClCompile Include="ScoreHUDComponent.cpp">
      <Filter>Components\Game\HUD</Filter>
    </ClCompile>
    <ClCompile Include="Enemy.cpp">
      <Filter>Components\Game\Enemy</Filter>
    </ClCompile>
  </ItemGroup>
  <ItemGroup>
    <ClInclude Include="GameScene.h">
      <Filter>Scenes</Filter>
    </ClInclude>
    <ClInclude Include="GridMoveCommand.h">
      <Filter>Commands\Input</Filter>
    </ClInclude>
    <ClInclude Include="Health.h">
      <Filter>Misc</Filter>
    </ClInclude>
    <ClInclude Include="EnemyMovement.h">
      <Filter>Components\Game\Enemy</Filter>
    </ClInclude>
    <ClInclude Include="GridCollider.h">
      <Filter>Components\Game\Grid</Filter>
    </ClInclude>
    <ClInclude Include="GridComponent.h">
      <Filter>Components\Game\Grid</Filter>
    </ClInclude>
    <ClInclude Include="GridTransform.h">
      <Filter>Components\Game\Grid</Filter>
    </ClInclude>
    <ClInclude Include="Player.h">
      <Filter>Components\Game\Player</Filter>
    </ClInclude>
    <ClInclude Include="LivesHUDComponent.h">
      <Filter>Components\Game\HUD</Filter>
    </ClInclude>
    <ClInclude Include="Pump.h">
      <Filter>Components\Game\Player</Filter>
    </ClInclude>
    <ClInclude Include="ShootPumpCommand.h">
      <Filter>Commands\Input</Filter>
    </ClInclude>
    <ClInclude Include="ScoreHUDComponent.h">
      <Filter>Components\Game\HUD</Filter>
    </ClInclude>
    <ClInclude Include="Enemy.h">
      <Filter>Components\Game\Enemy</Filter>
    </ClInclude>
  </ItemGroup>
</Project>